
Microsoft Visual Studio Solution File, Format Version 12.00
# Visual Studio Version 17
VisualStudioVersion = 17.11.35327.3
MinimumVisualStudioVersion = 10.0.40219.1
Project("{9A19103F-16F7-4668-BE54-9A1E7A4F7556}") = "OopsDemo", "OopsDemo\OopsDemo.csproj", "{1C611333-3A43-4DA8-AA43-345F6332E529}"
EndProject
Project("{FAE04EC0-301F-11D3-BF4B-00C04F79EFBC}") = "AssemblyOne", "AssemblyOne\AssemblyOne.csproj", "{A7C9A8EB-F92A-4A4B-8CF0-D5F33C6705EE}"
EndProject
Global
	GlobalSection(SolutionConfigurationPlatforms) = preSolution
		Debug|Any CPU = Debug|Any CPU
		Release|Any CPU = Release|Any CPU
	EndGlobalSection
	GlobalSection(ProjectConfigurationPlatforms) = postSolution
		{1C611333-3A43-4DA8-AA43-345F6332E529}.Debug|Any CPU.ActiveCfg = Debug|Any CPU
		{1C611333-3A43-4DA8-AA43-345F6332E529}.Debug|Any CPU.Build.0 = Debug|Any CPU
		{1C611333-3A43-4DA8-AA43-345F6332E529}.Release|Any CPU.ActiveCfg = Release|Any CPU
		{1C611333-3A43-4DA8-AA43-345F6332E529}.Release|Any CPU.Build.0 = Release|Any CPU
		{A7C9A8EB-F92A-4A4B-8CF0-D5F33C6705EE}.Debug|Any CPU.ActiveCfg = Debug|Any CPU
		{A7C9A8EB-F92A-4A4B-8CF0-D5F33C6705EE}.Debug|Any CPU.Build.0 = Debug|Any CPU
		{A7C9A8EB-F92A-4A4B-8CF0-D5F33C6705EE}.Release|Any CPU.ActiveCfg = Release|Any CPU
		{A7C9A8EB-F92A-4A4B-8CF0-D5F33C6705EE}.Release|Any CPU.Build.0 = Release|Any CPU
	EndGlobalSection
	GlobalSection(SolutionProperties) = preSolution
		HideSolutionNode = FALSE
	EndGlobalSection
	GlobalSection(ExtensibilityGlobals) = postSolution
		SolutionGuid = {234895CB-F39F-4500-B998-6F0B7556C98C}
	EndGlobalSection
EndGlobal
